{
    "version": 3,
    "terraform_version": "0.11.7",
    "serial": 12,
    "lineage": "113614ad-7f31-0d87-08e3-5e293c81829c",
    "modules": [
        {
            "path": [
                "root"
            ],
            "outputs": {
                "ip": {
                    "sensitive": false,
                    "type": "list",
                    "value": [
                        "54.200.143.27",
                        "35.161.107.37",
                        "52.26.56.42"
                    ]
                }
            },
            "resources": {
                "aws_elb.tbloadbalancer": {
                    "type": "aws_elb",
                    "depends_on": [
                        "aws_instance.node.*",
                        "aws_security_group.TB-SG"
                    ],
                    "primary": {
                        "id": "tbloadbalancer",
                        "attributes": {
                            "access_logs.#": "0",
                            "arn": "arn:aws:elasticloadbalancing:us-west-2:146168503960:loadbalancer/tbloadbalancer",
                            "availability_zones.#": "1",
                            "availability_zones.2487133097": "us-west-2a",
                            "connection_draining": "true",
                            "connection_draining_timeout": "400",
                            "cross_zone_load_balancing": "true",
                            "dns_name": "tbloadbalancer-857700475.us-west-2.elb.amazonaws.com",
                            "health_check.#": "1",
                            "health_check.0.healthy_threshold": "2",
                            "health_check.0.interval": "30",
                            "health_check.0.target": "HTTP:80/",
                            "health_check.0.timeout": "3",
                            "health_check.0.unhealthy_threshold": "2",
                            "id": "tbloadbalancer",
                            "idle_timeout": "400",
                            "instances.#": "3",
                            "instances.2885598509": "i-0a18f523a38ad0d7b",
                            "instances.2891754886": "i-011b1a35fab270f1d",
                            "instances.4052125653": "i-0b582f298fe3010c6",
                            "internal": "false",
                            "listener.#": "1",
                            "listener.3057123346.instance_port": "80",
                            "listener.3057123346.instance_protocol": "http",
                            "listener.3057123346.lb_port": "80",
                            "listener.3057123346.lb_protocol": "http",
                            "listener.3057123346.ssl_certificate_id": "",
                            "name": "tbloadbalancer",
                            "security_groups.#": "1",
                            "security_groups.2427863230": "sg-0285879dc79cb42e9",
                            "source_security_group": "146168503960/webserver SG",
                            "source_security_group_id": "sg-0285879dc79cb42e9",
                            "subnets.#": "1",
                            "subnets.3668596263": "subnet-5c70c925",
                            "tags.%": "1",
                            "tags.Name": "tbloadbalancer",
                            "zone_id": "Z1H1FL5HABSF5"
                        },
                        "meta": {},
                        "tainted": false
                    },
                    "deposed": [],
                    "provider": "provider.aws"
                },
                "aws_instance.node.0": {
                    "type": "aws_instance",
                    "depends_on": [
                        "aws_security_group.TB-SG"
                    ],
                    "primary": {
                        "id": "i-011b1a35fab270f1d",
                        "attributes": {
                            "ami": "ami-a042f4d8",
                            "associate_public_ip_address": "true",
                            "availability_zone": "us-west-2a",
                            "disable_api_termination": "false",
                            "ebs_block_device.#": "0",
                            "ebs_optimized": "false",
                            "ephemeral_block_device.#": "0",
                            "get_password_data": "false",
                            "iam_instance_profile": "",
                            "id": "i-011b1a35fab270f1d",
                            "instance_state": "running",
                            "instance_type": "t2.micro",
                            "ipv6_addresses.#": "0",
                            "key_name": "tbkey",
                            "monitoring": "false",
                            "network_interface.#": "0",
                            "network_interface_id": "eni-0067cdc8319d63534",
                            "password_data": "",
                            "placement_group": "",
                            "primary_network_interface_id": "eni-0067cdc8319d63534",
                            "private_dns": "ip-172-31-16-6.us-west-2.compute.internal",
                            "private_ip": "172.31.16.6",
                            "public_dns": "ec2-54-200-143-27.us-west-2.compute.amazonaws.com",
                            "public_ip": "54.200.143.27",
                            "root_block_device.#": "1",
                            "root_block_device.0.delete_on_termination": "false",
                            "root_block_device.0.iops": "0",
                            "root_block_device.0.volume_id": "vol-02adefa50c7e6c5db",
                            "root_block_device.0.volume_size": "8",
                            "root_block_device.0.volume_type": "standard",
                            "security_groups.#": "1",
                            "security_groups.4189598300": "webserver SG",
                            "source_dest_check": "true",
                            "subnet_id": "subnet-5c70c925",
                            "tags.%": "1",
                            "tags.Name": "TB-webserver",
                            "tenancy": "default",
                            "volume_tags.%": "0",
                            "vpc_security_group_ids.#": "1",
                            "vpc_security_group_ids.2427863230": "sg-0285879dc79cb42e9"
                        },
                        "meta": {
                            "e2bfb730-ecaa-11e6-8f88-34363bc7c4c0": {
                                "create": 600000000000,
                                "delete": 1200000000000,
                                "update": 600000000000
                            },
                            "schema_version": "1"
                        },
                        "tainted": false
                    },
                    "deposed": [],
                    "provider": "provider.aws"
                },
                "aws_instance.node.1": {
                    "type": "aws_instance",
                    "depends_on": [
                        "aws_security_group.TB-SG"
                    ],
                    "primary": {
                        "id": "i-0a18f523a38ad0d7b",
                        "attributes": {
                            "ami": "ami-a042f4d8",
                            "associate_public_ip_address": "true",
                            "availability_zone": "us-west-2a",
                            "disable_api_termination": "false",
                            "ebs_block_device.#": "0",
                            "ebs_optimized": "false",
                            "ephemeral_block_device.#": "0",
                            "get_password_data": "false",
                            "iam_instance_profile": "",
                            "id": "i-0a18f523a38ad0d7b",
                            "instance_state": "running",
                            "instance_type": "t2.micro",
                            "ipv6_addresses.#": "0",
                            "key_name": "tbkey",
                            "monitoring": "false",
                            "network_interface.#": "0",
                            "network_interface_id": "eni-0833cb23ffe417eb8",
                            "password_data": "",
                            "placement_group": "",
                            "primary_network_interface_id": "eni-0833cb23ffe417eb8",
                            "private_dns": "ip-172-31-22-159.us-west-2.compute.internal",
                            "private_ip": "172.31.22.159",
                            "public_dns": "ec2-35-161-107-37.us-west-2.compute.amazonaws.com",
                            "public_ip": "35.161.107.37",
                            "root_block_device.#": "1",
                            "root_block_device.0.delete_on_termination": "false",
                            "root_block_device.0.iops": "0",
                            "root_block_device.0.volume_id": "vol-018ecfd5d1f1f2d0a",
                            "root_block_device.0.volume_size": "8",
                            "root_block_device.0.volume_type": "standard",
                            "security_groups.#": "1",
                            "security_groups.4189598300": "webserver SG",
                            "source_dest_check": "true",
                            "subnet_id": "subnet-5c70c925",
                            "tags.%": "1",
                            "tags.Name": "TB-webserver",
                            "tenancy": "default",
                            "volume_tags.%": "0",
                            "vpc_security_group_ids.#": "1",
                            "vpc_security_group_ids.2427863230": "sg-0285879dc79cb42e9"
                        },
                        "meta": {
                            "e2bfb730-ecaa-11e6-8f88-34363bc7c4c0": {
                                "create": 600000000000,
                                "delete": 1200000000000,
                                "update": 600000000000
                            },
                            "schema_version": "1"
                        },
                        "tainted": false
                    },
                    "deposed": [],
                    "provider": "provider.aws"
                },
                "aws_instance.node.2": {
                    "type": "aws_instance",
                    "depends_on": [
                        "aws_security_group.TB-SG"
                    ],
                    "primary": {
                        "id": "i-0b582f298fe3010c6",
                        "attributes": {
                            "ami": "ami-a042f4d8",
                            "associate_public_ip_address": "true",
                            "availability_zone": "us-west-2a",
                            "disable_api_termination": "false",
                            "ebs_block_device.#": "0",
                            "ebs_optimized": "false",
                            "ephemeral_block_device.#": "0",
                            "get_password_data": "false",
                            "iam_instance_profile": "",
                            "id": "i-0b582f298fe3010c6",
                            "instance_state": "running",
                            "instance_type": "t2.micro",
                            "ipv6_addresses.#": "0",
                            "key_name": "tbkey",
                            "monitoring": "false",
                            "network_interface.#": "0",
                            "network_interface_id": "eni-06e18f25bce0bc56a",
                            "password_data": "",
                            "placement_group": "",
                            "primary_network_interface_id": "eni-06e18f25bce0bc56a",
                            "private_dns": "ip-172-31-24-72.us-west-2.compute.internal",
                            "private_ip": "172.31.24.72",
                            "public_dns": "ec2-52-26-56-42.us-west-2.compute.amazonaws.com",
                            "public_ip": "52.26.56.42",
                            "root_block_device.#": "1",
                            "root_block_device.0.delete_on_termination": "false",
                            "root_block_device.0.iops": "0",
                            "root_block_device.0.volume_id": "vol-0f4111996afa6d21a",
                            "root_block_device.0.volume_size": "8",
                            "root_block_device.0.volume_type": "standard",
                            "security_groups.#": "1",
                            "security_groups.4189598300": "webserver SG",
                            "source_dest_check": "true",
                            "subnet_id": "subnet-5c70c925",
                            "tags.%": "1",
                            "tags.Name": "TB-webserver",
                            "tenancy": "default",
                            "volume_tags.%": "0",
                            "vpc_security_group_ids.#": "1",
                            "vpc_security_group_ids.2427863230": "sg-0285879dc79cb42e9"
                        },
                        "meta": {
                            "e2bfb730-ecaa-11e6-8f88-34363bc7c4c0": {
                                "create": 600000000000,
                                "delete": 1200000000000,
                                "update": 600000000000
                            },
                            "schema_version": "1"
                        },
                        "tainted": false
                    },
                    "deposed": [],
                    "provider": "provider.aws"
                },
                "aws_security_group.TB-SG": {
                    "type": "aws_security_group",
                    "depends_on": [],
                    "primary": {
                        "id": "sg-0285879dc79cb42e9",
                        "attributes": {
                            "arn": "arn:aws:ec2:us-west-2:146168503960:security-group/sg-0285879dc79cb42e9",
                            "description": "security group that allows incoming traffic",
                            "egress.#": "1",
                            "egress.482069346.cidr_blocks.#": "1",
                            "egress.482069346.cidr_blocks.0": "0.0.0.0/0",
                            "egress.482069346.description": "",
                            "egress.482069346.from_port": "0",
                            "egress.482069346.ipv6_cidr_blocks.#": "0",
                            "egress.482069346.prefix_list_ids.#": "0",
                            "egress.482069346.protocol": "-1",
                            "egress.482069346.security_groups.#": "0",
                            "egress.482069346.self": "false",
                            "egress.482069346.to_port": "0",
                            "id": "sg-0285879dc79cb42e9",
                            "ingress.#": "2",
                            "ingress.2214680975.cidr_blocks.#": "1",
                            "ingress.2214680975.cidr_blocks.0": "0.0.0.0/0",
                            "ingress.2214680975.description": "",
                            "ingress.2214680975.from_port": "80",
                            "ingress.2214680975.ipv6_cidr_blocks.#": "0",
                            "ingress.2214680975.protocol": "tcp",
                            "ingress.2214680975.security_groups.#": "0",
                            "ingress.2214680975.self": "false",
                            "ingress.2214680975.to_port": "80",
                            "ingress.2541437006.cidr_blocks.#": "1",
                            "ingress.2541437006.cidr_blocks.0": "0.0.0.0/0",
                            "ingress.2541437006.description": "",
                            "ingress.2541437006.from_port": "22",
                            "ingress.2541437006.ipv6_cidr_blocks.#": "0",
                            "ingress.2541437006.protocol": "tcp",
                            "ingress.2541437006.security_groups.#": "0",
                            "ingress.2541437006.self": "false",
                            "ingress.2541437006.to_port": "22",
                            "name": "webserver SG",
                            "owner_id": "146168503960",
                            "revoke_rules_on_delete": "false",
                            "tags.%": "0",
                            "vpc_id": "vpc-adb3e1d4"
                        },
                        "meta": {
                            "e2bfb730-ecaa-11e6-8f88-34363bc7c4c0": {
                                "create": 600000000000,
                                "delete": 600000000000
                            },
                            "schema_version": "1"
                        },
                        "tainted": false
                    },
                    "deposed": [],
                    "provider": "provider.aws"
                }
            },
            "depends_on": []
        }
    ]
}
